
Microsoft Visual Studio Solution File, Format Version 12.00
# Visual Studio Version 17
VisualStudioVersion = 17.9.34728.123
MinimumVisualStudioVersion = 10.0.40219.1
Project("{FAE04EC0-301F-11D3-BF4B-00C04F79EFBC}") = "ParakeetBrain", "ParakeetBrain.csproj", "{2154E695-9E8E-4758-8E3F-520041AAE80A}"
EndProject
Global
	GlobalSection(SolutionConfigurationPlatforms) = preSolution
		Debug|Any CPU = Debug|Any CPU
		Release|Any CPU = Release|Any CPU
	EndGlobalSection
	GlobalSection(ProjectConfigurationPlatforms) = postSolution
		{2154E695-9E8E-4758-8E3F-520041AAE80A}.Debug|Any CPU.ActiveCfg = Debug|Any CPU
		{2154E695-9E8E-4758-8E3F-520041AAE80A}.Debug|Any CPU.Build.0 = Debug|Any CPU
		{2154E695-9E8E-4758-8E3F-520041AAE80A}.Release|Any CPU.ActiveCfg = Release|Any CPU
		{2154E695-9E8E-4758-8E3F-520041AAE80A}.Release|Any CPU.Build.0 = Release|Any CPU
	EndGlobalSection
	GlobalSection(SolutionProperties) = preSolution
		HideSolutionNode = FALSE
	EndGlobalSection
	GlobalSection(ExtensibilityGlobals) = postSolution
		SolutionGuid = {A3BC8E9F-2935-451F-B0C9-E2A0F709C774}
	EndGlobalSection
EndGlobal
